// !$*UTF8*$!
{
	archiveVersion = 1;
	classes = {
	};
	objectVersion = 51;
	objects = {

/* Begin PBXBuildFile section */
		03D9AE5531510FB8C93EB809 /* OAuthConfig.swift in Sources */ = {isa = PBXBuildFile; fileRef = 9B7DA48EC9247886A23EABF1 /* OAuthConfig.swift */; };
		1AADDA31FA7D5B81764F583B /* AppDelegate.swift in Sources */ = {isa = PBXBuildFile; fileRef = D1674A02D3FF6E6374F67FED /* AppDelegate.swift */; };
		1BF56D411475DDD11B2053E3 /* InitialViewController.swift in Sources */ = {isa = PBXBuildFile; fileRef = B349B72A30E28E4479510480 /* InitialViewController.swift */; };
		26ED3E62AA56CC60C33F6B86 /* Pods_oauth2_example.framework in Frameworks */ = {isa = PBXBuildFile; fileRef = 0406CBEDA77A40E00AF9654F /* Pods_oauth2_example.framework */; };
		4F9669DD230EDC87F06876EB /* Assets.xcassets in Resources */ = {isa = PBXBuildFile; fileRef = 06F54DD38FA83EEDAEDFE797 /* Assets.xcassets */; };
		6E31B557103ACA07B1D8AB66 /* LaunchScreen.storyboard in Resources */ = {isa = PBXBuildFile; fileRef = CECB3F9BF6F88344335F0AE4 /* LaunchScreen.storyboard */; };
		9591352E863E80018901DA38 /* NodeTableViewController.swift in Sources */ = {isa = PBXBuildFile; fileRef = 67027CA5FDE53FE52DE35204 /* NodeTableViewController.swift */; };
		FB3DF0021EB0828C8929A3B8 /* OAuthWebView.swift in Sources */ = {isa = PBXBuildFile; fileRef = EFE0B1CDBF76F4E208D19449 /* OAuthWebView.swift */; };
/* End PBXBuildFile section */

/* Begin PBXFileReference section */
		0406CBEDA77A40E00AF9654F /* Pods_oauth2_example.framework */ = {isa = PBXFileReference; explicitFileType = wrapper.framework; includeInIndex = 0; path = Pods_oauth2_example.framework; sourceTree = BUILT_PRODUCTS_DIR; };
		06F54DD38FA83EEDAEDFE797 /* Assets.xcassets */ = {isa = PBXFileReference; lastKnownFileType = folder.assetcatalog; path = Assets.xcassets; sourceTree = "<group>"; };
		1484A9551347508113F6C154 /* oauth2.example.app */ = {isa = PBXFileReference; explicitFileType = wrapper.application; includeInIndex = 0; path = oauth2.example.app; sourceTree = BUILT_PRODUCTS_DIR; };
		15FF09E53682D3D37C255ACE /* Info.plist */ = {isa = PBXFileReference; lastKnownFileType = text.plist; path = Info.plist; sourceTree = "<group>"; };
		67027CA5FDE53FE52DE35204 /* NodeTableViewController.swift */ = {isa = PBXFileReference; lastKnownFileType = sourcecode.swift; path = NodeTableViewController.swift; sourceTree = "<group>"; };
		877FC90B7E3A818122A649A9 /* Pods-oauth2.example.release.xcconfig */ = {isa = PBXFileReference; includeInIndex = 1; lastKnownFileType = text.xcconfig; name = "Pods-oauth2.example.release.xcconfig"; path = "Target Support Files/Pods-oauth2.example/Pods-oauth2.example.release.xcconfig"; sourceTree = "<group>"; };
		9B7DA48EC9247886A23EABF1 /* OAuthConfig.swift */ = {isa = PBXFileReference; lastKnownFileType = sourcecode.swift; path = OAuthConfig.swift; sourceTree = "<group>"; };
		A69C73A2E47A65B5AFE388B4 /* Base */ = {isa = PBXFileReference; lastKnownFileType = file.storyboard; name = Base; path = Base.lproj/LaunchScreen.storyboard; sourceTree = "<group>"; };
		B349B72A30E28E4479510480 /* InitialViewController.swift */ = {isa = PBXFileReference; lastKnownFileType = sourcecode.swift; path = InitialViewController.swift; sourceTree = "<group>"; };
		D1674A02D3FF6E6374F67FED /* AppDelegate.swift */ = {isa = PBXFileReference; lastKnownFileType = sourcecode.swift; path = AppDelegate.swift; sourceTree = "<group>"; };
		D290BCB3FE7F980CC22EAFCB /* Pods-oauth2.example.debug.xcconfig */ = {isa = PBXFileReference; includeInIndex = 1; lastKnownFileType = text.xcconfig; name = "Pods-oauth2.example.debug.xcconfig"; path = "Target Support Files/Pods-oauth2.example/Pods-oauth2.example.debug.xcconfig"; sourceTree = "<group>"; };
		EFE0B1CDBF76F4E208D19449 /* OAuthWebView.swift */ = {isa = PBXFileReference; lastKnownFileType = sourcecode.swift; path = OAuthWebView.swift; sourceTree = "<group>"; };
/* End PBXFileReference section */

/* Begin PBXFrameworksBuildPhase section */
		76FACFEACB4A69452F34C2D4 /* Frameworks */ = {
			isa = PBXFrameworksBuildPhase;
			buildActionMask = 2147483647;
			files = (
				26ED3E62AA56CC60C33F6B86 /* Pods_oauth2_example.framework in Frameworks */,
			);
			runOnlyForDeploymentPostprocessing = 0;
		};
/* End PBXFrameworksBuildPhase section */

/* Begin PBXGroup section */
		3681B084B074498C1B2616F9 /* Pods */ = {
			isa = PBXGroup;
			children = (
				D290BCB3FE7F980CC22EAFCB /* Pods-oauth2.example.debug.xcconfig */,
				877FC90B7E3A818122A649A9 /* Pods-oauth2.example.release.xcconfig */,
			);
			path = Pods;
			sourceTree = "<group>";
		};
		8414D9E9AB89B6E446D169B5 = {
			isa = PBXGroup;
			children = (
				881589A0F843355CB1AB1AB3 /* oauth2-example */,
				C6F3B1045B5373F6186C2E2F /* Products */,
				3681B084B074498C1B2616F9 /* Pods */,
				A0ABA0F10F62AD0AE2061439 /* Frameworks */,
			);
			sourceTree = "<group>";
		};
		881589A0F843355CB1AB1AB3 /* oauth2-example */ = {
			isa = PBXGroup;
			children = (
				D1674A02D3FF6E6374F67FED /* AppDelegate.swift */,
				06F54DD38FA83EEDAEDFE797 /* Assets.xcassets */,
				15FF09E53682D3D37C255ACE /* Info.plist */,
				B349B72A30E28E4479510480 /* InitialViewController.swift */,
				CECB3F9BF6F88344335F0AE4 /* LaunchScreen.storyboard */,
				67027CA5FDE53FE52DE35204 /* NodeTableViewController.swift */,
				9B7DA48EC9247886A23EABF1 /* OAuthConfig.swift */,
				EFE0B1CDBF76F4E208D19449 /* OAuthWebView.swift */,
			);
			path = "oauth2-example";
			sourceTree = "<group>";
		};
		A0ABA0F10F62AD0AE2061439 /* Frameworks */ = {
			isa = PBXGroup;
			children = (
				0406CBEDA77A40E00AF9654F /* Pods_oauth2_example.framework */,
			);
			name = Frameworks;
			sourceTree = "<group>";
		};
		C6F3B1045B5373F6186C2E2F /* Products */ = {
			isa = PBXGroup;
			children = (
				1484A9551347508113F6C154 /* oauth2.example.app */,
			);
			name = Products;
			sourceTree = "<group>";
		};
/* End PBXGroup section */

/* Begin PBXNativeTarget section */
		FC9DD9EC0709E4E4B89DB8FF /* oauth2.example */ = {
			isa = PBXNativeTarget;
			buildConfigurationList = D406AEE3833F2837D420D895 /* Build configuration list for PBXNativeTarget "oauth2.example" */;
			buildPhases = (
				3EC440C9BD3B309C8F3D3408 /* [CP] Check Pods Manifest.lock */,
				3C210C3A952E0495B7874CD2 /* Sources */,
				163F40E450F243C97542EF82 /* Resources */,
				76FACFEACB4A69452F34C2D4 /* Frameworks */,
				D266675C3C33885AAF094B7D /* [CP] Embed Pods Frameworks */,
			);
			buildRules = (
			);
			dependencies = (
			);
			name = oauth2.example;
			productName = oauth2.example;
			productReference = 1484A9551347508113F6C154 /* oauth2.example.app */;
			productType = "com.apple.product-type.application";
		};
/* End PBXNativeTarget section */

/* Begin PBXProject section */
		62F76916BC0E592B5E0FAE48 /* Project object */ = {
			isa = PBXProject;
			attributes = {
				LastUpgradeCheck = 1250;
			};
			buildConfigurationList = 4DA5462565610F3C8374F128 /* Build configuration list for PBXProject "oauth2.cocoapods.example" */;
			compatibilityVersion = "Xcode 10.0";
			developmentRegion = en;
			hasScannedForEncodings = 0;
			knownRegions = (
				en,
				Base,
			);
			mainGroup = 8414D9E9AB89B6E446D169B5;
			productRefGroup = C6F3B1045B5373F6186C2E2F /* Products */;
			projectDirPath = "";
			projectRoot = "";
			targets = (
				FC9DD9EC0709E4E4B89DB8FF /* oauth2.example */,
			);
		};
/* End PBXProject section */

/* Begin PBXResourcesBuildPhase section */
		163F40E450F243C97542EF82 /* Resources */ = {
			isa = PBXResourcesBuildPhase;
			buildActionMask = 2147483647;
			files = (
				4F9669DD230EDC87F06876EB /* Assets.xcassets in Resources */,
				6E31B557103ACA07B1D8AB66 /* LaunchScreen.storyboard in Resources */,
			);
			runOnlyForDeploymentPostprocessing = 0;
		};
/* End PBXResourcesBuildPhase section */

/* Begin PBXShellScriptBuildPhase section */
		3EC440C9BD3B309C8F3D3408 /* [CP] Check Pods Manifest.lock */ = {
			isa = PBXShellScriptBuildPhase;
			buildActionMask = 2147483647;
			files = (
			);
			inputFileListPaths = (
			);
			inputPaths = (
				"${PODS_PODFILE_DIR_PATH}/Podfile.lock",
				"${PODS_ROOT}/Manifest.lock",
			);
			name = "[CP] Check Pods Manifest.lock";
			outputFileListPaths = (
			);
			outputPaths = (
				"$(DERIVED_FILE_DIR)/Pods-oauth2.example-checkManifestLockResult.txt",
			);
			runOnlyForDeploymentPostprocessing = 0;
			shellPath = /bin/sh;
			shellScript = "diff \"${PODS_PODFILE_DIR_PATH}/Podfile.lock\" \"${PODS_ROOT}/Manifest.lock\" > /dev/null\nif [ $? != 0 ] ; then\n    # print error to STDERR\n    echo \"error: The sandbox is not in sync with the Podfile.lock. Run 'pod install' or update your CocoaPods installation.\" >&2\n    exit 1\nfi\n# This output is used by Xcode 'outputs' to avoid re-running this script phase.\necho \"SUCCESS\" > \"${SCRIPT_OUTPUT_FILE_0}\"\n";
			showEnvVarsInLog = 0;
		};
		D266675C3C33885AAF094B7D /* [CP] Embed Pods Frameworks */ = {
			isa = PBXShellScriptBuildPhase;
			buildActionMask = 2147483647;
			files = (
			);
			inputFileListPaths = (
				"${PODS_ROOT}/Target Support Files/Pods-oauth2.example/Pods-oauth2.example-frameworks-${CONFIGURATION}-input-files.xcfilelist",
			);
			name = "[CP] Embed Pods Frameworks";
			outputFileListPaths = (
				"${PODS_ROOT}/Target Support Files/Pods-oauth2.example/Pods-oauth2.example-frameworks-${CONFIGURATION}-output-files.xcfilelist",
			);
			runOnlyForDeploymentPostprocessing = 0;
			shellPath = /bin/sh;
			shellScript = "\"${PODS_ROOT}/Target Support Files/Pods-oauth2.example/Pods-oauth2.example-frameworks.sh\"\n";
			showEnvVarsInLog = 0;
		};
/* End PBXShellScriptBuildPhase section */

/* Begin PBXSourcesBuildPhase section */
		3C210C3A952E0495B7874CD2 /* Sources */ = {
			isa = PBXSourcesBuildPhase;
			buildActionMask = 2147483647;
			files = (
				1AADDA31FA7D5B81764F583B /* AppDelegate.swift in Sources */,
				1BF56D411475DDD11B2053E3 /* InitialViewController.swift in Sources */,
				9591352E863E80018901DA38 /* NodeTableViewController.swift in Sources */,
				03D9AE5531510FB8C93EB809 /* OAuthConfig.swift in Sources */,
				FB3DF0021EB0828C8929A3B8 /* OAuthWebView.swift in Sources */,
			);
			runOnlyForDeploymentPostprocessing = 0;
		};
/* End PBXSourcesBuildPhase section */

/* Begin PBXVariantGroup section */
		CECB3F9BF6F88344335F0AE4 /* LaunchScreen.storyboard */ = {
			isa = PBXVariantGroup;
			children = (
				A69C73A2E47A65B5AFE388B4 /* Base */,
			);
			name = LaunchScreen.storyboard;
			sourceTree = "<group>";
		};
/* End PBXVariantGroup section */

/* Begin XCBuildConfiguration section */
		15D939D9BBD99B44745C4002 /* Release */ = {
			isa = XCBuildConfiguration;
			buildSettings = {
				ALWAYS_SEARCH_USER_PATHS = NO;
				CLANG_ANALYZER_NONNULL = YES;
				CLANG_ANALYZER_NUMBER_OBJECT_CONVERSION = YES_AGGRESSIVE;
				CLANG_CXX_LANGUAGE_STANDARD = "gnu++14";
				CLANG_CXX_LIBRARY = "libc++";
				CLANG_ENABLE_MODULES = YES;
				CLANG_ENABLE_OBJC_ARC = YES;
				CLANG_WARN_BLOCK_CAPTURE_AUTORELEASING = YES;
				CLANG_WARN_BOOL_CONVERSION = YES;
				CLANG_WARN_COMMA = YES;
				CLANG_WARN_CONSTANT_CONVERSION = YES;
				CLANG_WARN_DEPRECATED_OBJC_IMPLEMENTATIONS = YES;
				CLANG_WARN_DIRECT_OBJC_ISA_USAGE = YES_ERROR;
				CLANG_WARN_DOCUMENTATION_COMMENTS = YES;
				CLANG_WARN_EMPTY_BODY = YES;
				CLANG_WARN_ENUM_CONVERSION = YES;
				CLANG_WARN_INFINITE_RECURSION = YES;
				CLANG_WARN_INT_CONVERSION = YES;
				CLANG_WARN_NON_LITERAL_NULL_CONVERSION = YES;
				CLANG_WARN_OBJC_IMPLICIT_RETAIN_SELF = YES;
				CLANG_WARN_OBJC_LITERAL_CONVERSION = YES;
				CLANG_WARN_OBJC_ROOT_CLASS = YES_ERROR;
				CLANG_WARN_QUOTED_INCLUDE_IN_FRAMEWORK_HEADER = YES;
				CLANG_WARN_RANGE_LOOP_ANALYSIS = YES;
				CLANG_WARN_STRICT_PROTOTYPES = YES;
				CLANG_WARN_SUSPICIOUS_MOVE = YES;
				CLANG_WARN_UNGUARDED_AVAILABILITY = YES_AGGRESSIVE;
				CLANG_WARN_UNREACHABLE_CODE = YES;
				CLANG_WARN__DUPLICATE_METHOD_MATCH = YES;
				COPY_PHASE_STRIP = NO;
				DEBUG_INFORMATION_FORMAT = "dwarf-with-dsym";
				ENABLE_NS_ASSERTIONS = NO;
				ENABLE_STRICT_OBJC_MSGSEND = YES;
				GCC_C_LANGUAGE_STANDARD = gnu11;
				GCC_NO_COMMON_BLOCKS = YES;
				GCC_WARN_64_TO_32_BIT_CONVERSION = YES;
				GCC_WARN_ABOUT_RETURN_TYPE = YES_ERROR;
				GCC_WARN_UNDECLARED_SELECTOR = YES;
				GCC_WARN_UNINITIALIZED_AUTOS = YES_AGGRESSIVE;
				GCC_WARN_UNUSED_FUNCTION = YES;
				GCC_WARN_UNUSED_VARIABLE = YES;
				IPHONEOS_DEPLOYMENT_TARGET = 11.4;
				PRODUCT_NAME = "$(TARGET_NAME)";
				SDKROOT = iphoneos;
				SWIFT_COMPILATION_MODE = wholemodule;
				SWIFT_VERSION = 5.0;
				VALIDATE_PRODUCT = YES;
			};
			name = Release;
		};
		597A691806B395E1D15DC3A6 /* Debug */ = {
			isa = XCBuildConfiguration;
			buildSettings = {
				ALWAYS_SEARCH_USER_PATHS = NO;
				CLANG_ANALYZER_NONNULL = YES;
				CLANG_ANALYZER_NUMBER_OBJECT_CONVERSION = YES_AGGRESSIVE;
				CLANG_CXX_LANGUAGE_STANDARD = "gnu++14";
				CLANG_CXX_LIBRARY = "libc++";
				CLANG_ENABLE_MODULES = YES;
				CLANG_ENABLE_OBJC_ARC = YES;
				CLANG_WARN_BLOCK_CAPTURE_AUTORELEASING = YES;
				CLANG_WARN_BOOL_CONVERSION = YES;
				CLANG_WARN_COMMA = YES;
				CLANG_WARN_CONSTANT_CONVERSION = YES;
				CLANG_WARN_DEPRECATED_OBJC_IMPLEMENTATIONS = YES;
				CLANG_WARN_DIRECT_OBJC_ISA_USAGE = YES_ERROR;
				CLANG_WARN_DOCUMENTATION_COMMENTS = YES;
				CLANG_WARN_EMPTY_BODY = YES;
				CLANG_WARN_ENUM_CONVERSION = YES;
				CLANG_WARN_INFINITE_RECURSION = YES;
				CLANG_WARN_INT_CONVERSION = YES;
				CLANG_WARN_NON_LITERAL_NULL_CONVERSION = YES;
				CLANG_WARN_OBJC_IMPLICIT_RETAIN_SELF = YES;
				CLANG_WARN_OBJC_LITERAL_CONVERSION = YES;
				CLANG_WARN_OBJC_ROOT_CLASS = YES_ERROR;
				CLANG_WARN_QUOTED_INCLUDE_IN_FRAMEWORK_HEADER = YES;
				CLANG_WARN_RANGE_LOOP_ANALYSIS = YES;
				CLANG_WARN_STRICT_PROTOTYPES = YES;
				CLANG_WARN_SUSPICIOUS_MOVE = YES;
				CLANG_WARN_UNGUARDED_AVAILABILITY = YES_AGGRESSIVE;
				CLANG_WARN_UNREACHABLE_CODE = YES;
				CLANG_WARN__DUPLICATE_METHOD_MATCH = YES;
				COPY_PHASE_STRIP = NO;
				DEBUG_INFORMATION_FORMAT = dwarf;
				ENABLE_STRICT_OBJC_MSGSEND = YES;
				ENABLE_TESTABILITY = YES;
				GCC_C_LANGUAGE_STANDARD = gnu11;
				GCC_DYNAMIC_NO_PIC = NO;
				GCC_NO_COMMON_BLOCKS = YES;
				GCC_OPTIMIZATION_LEVEL = 0;
				GCC_PREPROCESSOR_DEFINITIONS = (
					"$(inherited)",
					"DEBUG=1",
				);
				GCC_WARN_64_TO_32_BIT_CONVERSION = YES;
				GCC_WARN_ABOUT_RETURN_TYPE = YES_ERROR;
				GCC_WARN_UNDECLARED_SELECTOR = YES;
				GCC_WARN_UNINITIALIZED_AUTOS = YES_AGGRESSIVE;
				GCC_WARN_UNUSED_FUNCTION = YES;
				GCC_WARN_UNUSED_VARIABLE = YES;
				IPHONEOS_DEPLOYMENT_TARGET = 11.4;
				MTL_ENABLE_DEBUG_INFO = YES;
				ONLY_ACTIVE_ARCH = YES;
				PRODUCT_NAME = "$(TARGET_NAME)";
				SDKROOT = iphoneos;
				SWIFT_ACTIVE_COMPILATION_CONDITIONS = DEBUG;
				SWIFT_OPTIMIZATION_LEVEL = "-Onone";
				SWIFT_VERSION = 5.0;
			};
			name = Debug;
		};
		6A8BEE23D20DAA2D3B16882F /* Debug */ = {
			isa = XCBuildConfiguration;
			baseConfigurationReference = D290BCB3FE7F980CC22EAFCB /* Pods-oauth2.example.debug.xcconfig */;
			buildSettings = {
				ALWAYS_EMBED_SWIFT_STANDARD_LIBRARIES = "$(inherited)";
				ASSETCATALOG_COMPILER_APPICON_NAME = AppIcon;
				CODE_SIGN_IDENTITY = "iPhone Developer";
				INFOPLIST_FILE = "oauth2-example/Info.plist";
				IPHONEOS_DEPLOYMENT_TARGET = 11.4;
				LD_RUNPATH_SEARCH_PATHS = (
					"$(inherited)",
					"@executable_path/Frameworks",
				);
				PRODUCT_BUNDLE_IDENTIFIER = "com.dracoon.oauth2-example.oauth2.example";
				SDKROOT = iphoneos;
				TARGETED_DEVICE_FAMILY = "1,2";
			};
			name = Debug;
		};
		B4EDB3192CD774C1FA0BED7F /* Release */ = {
			isa = XCBuildConfiguration;
			baseConfigurationReference = 877FC90B7E3A818122A649A9 /* Pods-oauth2.example.release.xcconfig */;
			buildSettings = {
				ALWAYS_EMBED_SWIFT_STANDARD_LIBRARIES = "$(inherited)";
				ASSETCATALOG_COMPILER_APPICON_NAME = AppIcon;
				CODE_SIGN_IDENTITY = "iPhone Developer";
				INFOPLIST_FILE = "oauth2-example/Info.plist";
				IPHONEOS_DEPLOYMENT_TARGET = 11.4;
				LD_RUNPATH_SEARCH_PATHS = (
					"$(inherited)",
					"@executable_path/Frameworks",
				);
				PRODUCT_BUNDLE_IDENTIFIER = "com.dracoon.oauth2-example.oauth2.example";
				SDKROOT = iphoneos;
				TARGETED_DEVICE_FAMILY = "1,2";
			};
			name = Release;
		};
/* End XCBuildConfiguration section */

/* Begin XCConfigurationList section */
		4DA5462565610F3C8374F128 /* Build configuration list for PBXProject "oauth2.cocoapods.example" */ = {
			isa = XCConfigurationList;
			buildConfigurations = (
				597A691806B395E1D15DC3A6 /* Debug */,
				15D939D9BBD99B44745C4002 /* Release */,
			);
			defaultConfigurationIsVisible = 0;
			defaultConfigurationName = Debug;
		};
		D406AEE3833F2837D420D895 /* Build configuration list for PBXNativeTarget "oauth2.example" */ = {
			isa = XCConfigurationList;
			buildConfigurations = (
				6A8BEE23D20DAA2D3B16882F /* Debug */,
				B4EDB3192CD774C1FA0BED7F /* Release */,
			);
			defaultConfigurationIsVisible = 0;
			defaultConfigurationName = Debug;
		};
/* End XCConfigurationList section */
	};
	rootObject = 62F76916BC0E592B5E0FAE48 /* Project object */;
}
