// !$*UTF8*$!
{
	archiveVersion = 1;
	classes = {
	};
	objectVersion = 50;
	objects = {

/* Begin PBXBuildFile section */
		E0432EA321944103001E14AB /* AppDelegate.swift in Sources */ = {isa = PBXBuildFile; fileRef = E0432EA221944103001E14AB /* AppDelegate.swift */; };
		E0432EAA21944106001E14AB /* Assets.xcassets in Resources */ = {isa = PBXBuildFile; fileRef = E0432EA921944106001E14AB /* Assets.xcassets */; };
		E0432EAD21944106001E14AB /* LaunchScreen.storyboard in Resources */ = {isa = PBXBuildFile; fileRef = E0432EAB21944106001E14AB /* LaunchScreen.storyboard */; };
		E0432EB5219441F7001E14AB /* InitialViewController.swift in Sources */ = {isa = PBXBuildFile; fileRef = E0432EB4219441F7001E14AB /* InitialViewController.swift */; };
		E0432EBA2194493D001E14AB /* Alamofire.framework in Frameworks */ = {isa = PBXBuildFile; fileRef = E0432EB92194493D001E14AB /* Alamofire.framework */; };
		E0432EBC2194494F001E14AB /* dracoon_sdk.framework in Frameworks */ = {isa = PBXBuildFile; fileRef = E0432EBB2194494F001E14AB /* dracoon_sdk.framework */; };
		E0432EBE2194495E001E14AB /* crypto_sdk.framework in Frameworks */ = {isa = PBXBuildFile; fileRef = E0432EBD2194495E001E14AB /* crypto_sdk.framework */; };
		E0432EC0219449C4001E14AB /* OAuthWebView.swift in Sources */ = {isa = PBXBuildFile; fileRef = E0432EBF219449C4001E14AB /* OAuthWebView.swift */; };
		E0432EC221944A36001E14AB /* OAuthConfig.swift in Sources */ = {isa = PBXBuildFile; fileRef = E0432EC121944A36001E14AB /* OAuthConfig.swift */; };
		E0432EC4219463FE001E14AB /* NodeTableViewController.swift in Sources */ = {isa = PBXBuildFile; fileRef = E0432EC3219463FE001E14AB /* NodeTableViewController.swift */; };
/* End PBXBuildFile section */

/* Begin PBXFileReference section */
		E0432E9F21944103001E14AB /* oauth2.example.app */ = {isa = PBXFileReference; explicitFileType = wrapper.application; includeInIndex = 0; path = oauth2.example.app; sourceTree = BUILT_PRODUCTS_DIR; };
		E0432EA221944103001E14AB /* AppDelegate.swift */ = {isa = PBXFileReference; lastKnownFileType = sourcecode.swift; path = AppDelegate.swift; sourceTree = "<group>"; };
		E0432EA921944106001E14AB /* Assets.xcassets */ = {isa = PBXFileReference; lastKnownFileType = folder.assetcatalog; path = Assets.xcassets; sourceTree = "<group>"; };
		E0432EAC21944106001E14AB /* Base */ = {isa = PBXFileReference; lastKnownFileType = file.storyboard; name = Base; path = Base.lproj/LaunchScreen.storyboard; sourceTree = "<group>"; };
		E0432EAE21944106001E14AB /* Info.plist */ = {isa = PBXFileReference; lastKnownFileType = text.plist.xml; path = Info.plist; sourceTree = "<group>"; };
		E0432EB4219441F7001E14AB /* InitialViewController.swift */ = {isa = PBXFileReference; lastKnownFileType = sourcecode.swift; path = InitialViewController.swift; sourceTree = "<group>"; };
		E0432EB92194493D001E14AB /* Alamofire.framework */ = {isa = PBXFileReference; lastKnownFileType = wrapper.framework; name = Alamofire.framework; path = Carthage/Build/iOS/Alamofire.framework; sourceTree = "<group>"; };
		E0432EBB2194494F001E14AB /* dracoon_sdk.framework */ = {isa = PBXFileReference; lastKnownFileType = wrapper.framework; name = dracoon_sdk.framework; path = Carthage/Build/iOS/dracoon_sdk.framework; sourceTree = "<group>"; };
		E0432EBD2194495E001E14AB /* crypto_sdk.framework */ = {isa = PBXFileReference; lastKnownFileType = wrapper.framework; name = crypto_sdk.framework; path = Carthage/Build/iOS/crypto_sdk.framework; sourceTree = "<group>"; };
		E0432EBF219449C4001E14AB /* OAuthWebView.swift */ = {isa = PBXFileReference; lastKnownFileType = sourcecode.swift; path = OAuthWebView.swift; sourceTree = "<group>"; };
		E0432EC121944A36001E14AB /* OAuthConfig.swift */ = {isa = PBXFileReference; lastKnownFileType = sourcecode.swift; path = OAuthConfig.swift; sourceTree = "<group>"; };
		E0432EC3219463FE001E14AB /* NodeTableViewController.swift */ = {isa = PBXFileReference; lastKnownFileType = sourcecode.swift; path = NodeTableViewController.swift; sourceTree = "<group>"; };
/* End PBXFileReference section */

/* Begin PBXFrameworksBuildPhase section */
		E0432E9C21944103001E14AB /* Frameworks */ = {
			isa = PBXFrameworksBuildPhase;
			buildActionMask = 2147483647;
			files = (
				E0432EBE2194495E001E14AB /* crypto_sdk.framework in Frameworks */,
				E0432EBC2194494F001E14AB /* dracoon_sdk.framework in Frameworks */,
				E0432EBA2194493D001E14AB /* Alamofire.framework in Frameworks */,
			);
			runOnlyForDeploymentPostprocessing = 0;
		};
/* End PBXFrameworksBuildPhase section */

/* Begin PBXGroup section */
		E0432E9621944103001E14AB = {
			isa = PBXGroup;
			children = (
				E0432EA121944103001E14AB /* oauth2.example */,
				E0432EA021944103001E14AB /* Products */,
				E0432EB82194493D001E14AB /* Frameworks */,
			);
			sourceTree = "<group>";
		};
		E0432EA021944103001E14AB /* Products */ = {
			isa = PBXGroup;
			children = (
				E0432E9F21944103001E14AB /* oauth2.example.app */,
			);
			name = Products;
			sourceTree = "<group>";
		};
		E0432EA121944103001E14AB /* oauth2.example */ = {
			isa = PBXGroup;
			children = (
				E0432EA221944103001E14AB /* AppDelegate.swift */,
				E0432EB4219441F7001E14AB /* InitialViewController.swift */,
				E0432EC3219463FE001E14AB /* NodeTableViewController.swift */,
				E0432EC121944A36001E14AB /* OAuthConfig.swift */,
				E0432EBF219449C4001E14AB /* OAuthWebView.swift */,
				E0432EA921944106001E14AB /* Assets.xcassets */,
				E0432EAB21944106001E14AB /* LaunchScreen.storyboard */,
				E0432EAE21944106001E14AB /* Info.plist */,
			);
			path = oauth2.example;
			sourceTree = "<group>";
		};
		E0432EB82194493D001E14AB /* Frameworks */ = {
			isa = PBXGroup;
			children = (
				E0432EBD2194495E001E14AB /* crypto_sdk.framework */,
				E0432EBB2194494F001E14AB /* dracoon_sdk.framework */,
				E0432EB92194493D001E14AB /* Alamofire.framework */,
			);
			name = Frameworks;
			sourceTree = "<group>";
		};
/* End PBXGroup section */

/* Begin PBXNativeTarget section */
		E0432E9E21944103001E14AB /* oauth2.example */ = {
			isa = PBXNativeTarget;
			buildConfigurationList = E0432EB121944106001E14AB /* Build configuration list for PBXNativeTarget "oauth2.example" */;
			buildPhases = (
				E0432E9B21944103001E14AB /* Sources */,
				E0432E9C21944103001E14AB /* Frameworks */,
				E0432E9D21944103001E14AB /* Resources */,
				E0432EB721944887001E14AB /* Embed Carthage Frameworks */,
			);
			buildRules = (
			);
			dependencies = (
			);
			name = oauth2.example;
			productName = oauth2.example;
			productReference = E0432E9F21944103001E14AB /* oauth2.example.app */;
			productType = "com.apple.product-type.application";
		};
/* End PBXNativeTarget section */

/* Begin PBXProject section */
		E0432E9721944103001E14AB /* Project object */ = {
			isa = PBXProject;
			attributes = {
				LastSwiftUpdateCheck = 1010;
				LastUpgradeCheck = 1010;
				ORGANIZATIONNAME = Dracoon;
				TargetAttributes = {
					E0432E9E21944103001E14AB = {
						CreatedOnToolsVersion = 10.1;
					};
				};
			};
			buildConfigurationList = E0432E9A21944103001E14AB /* Build configuration list for PBXProject "oauth2.example" */;
			compatibilityVersion = "Xcode 9.3";
			developmentRegion = en;
			hasScannedForEncodings = 0;
			knownRegions = (
				en,
				Base,
			);
			mainGroup = E0432E9621944103001E14AB;
			productRefGroup = E0432EA021944103001E14AB /* Products */;
			projectDirPath = "";
			projectRoot = "";
			targets = (
				E0432E9E21944103001E14AB /* oauth2.example */,
			);
		};
/* End PBXProject section */

/* Begin PBXResourcesBuildPhase section */
		E0432E9D21944103001E14AB /* Resources */ = {
			isa = PBXResourcesBuildPhase;
			buildActionMask = 2147483647;
			files = (
				E0432EAD21944106001E14AB /* LaunchScreen.storyboard in Resources */,
				E0432EAA21944106001E14AB /* Assets.xcassets in Resources */,
			);
			runOnlyForDeploymentPostprocessing = 0;
		};
/* End PBXResourcesBuildPhase section */

/* Begin PBXShellScriptBuildPhase section */
		E0432EB721944887001E14AB /* Embed Carthage Frameworks */ = {
			isa = PBXShellScriptBuildPhase;
			buildActionMask = 2147483647;
			files = (
			);
			inputFileListPaths = (
			);
			inputPaths = (
				"$(SRCROOT)/Carthage/Build/iOS/Alamofire.framework",
				"$(SRCROOT)/Carthage/Build/iOS/dracoon_sdk.framework",
				"$(SRCROOT)/Carthage/Build/iOS/crypto_sdk.framework",
			);
			name = "Embed Carthage Frameworks";
			outputFileListPaths = (
			);
			outputPaths = (
				"$(BUILT_PRODUCTS_DIR)/$(FRAMEWORKS_FOLDER_PATH)/Alamofire.framework",
				"$(BUILT_PRODUCTS_DIR)/$(FRAMEWORKS_FOLDER_PATH)/dracoon_sdk.framework",
				"$(BUILT_PRODUCTS_DIR)/$(FRAMEWORKS_FOLDER_PATH)/crypto_sdk.framework",
			);
			runOnlyForDeploymentPostprocessing = 0;
			shellPath = /bin/sh;
			shellScript = "/usr/local/bin/carthage copy-frameworks\n";
		};
/* End PBXShellScriptBuildPhase section */

/* Begin PBXSourcesBuildPhase section */
		E0432E9B21944103001E14AB /* Sources */ = {
			isa = PBXSourcesBuildPhase;
			buildActionMask = 2147483647;
			files = (
				E0432EC4219463FE001E14AB /* NodeTableViewController.swift in Sources */,
				E0432EC0219449C4001E14AB /* OAuthWebView.swift in Sources */,
				E0432EB5219441F7001E14AB /* InitialViewController.swift in Sources */,
				E0432EA321944103001E14AB /* AppDelegate.swift in Sources */,
				E0432EC221944A36001E14AB /* OAuthConfig.swift in Sources */,
			);
			runOnlyForDeploymentPostprocessing = 0;
		};
/* End PBXSourcesBuildPhase section */

/* Begin PBXVariantGroup section */
		E0432EAB21944106001E14AB /* LaunchScreen.storyboard */ = {
			isa = PBXVariantGroup;
			children = (
				E0432EAC21944106001E14AB /* Base */,
			);
			name = LaunchScreen.storyboard;
			sourceTree = "<group>";
		};
/* End PBXVariantGroup section */

/* Begin XCBuildConfiguration section */
		E0432EAF21944106001E14AB /* Debug */ = {
			isa = XCBuildConfiguration;
			buildSettings = {
				ALWAYS_SEARCH_USER_PATHS = NO;
				CLANG_ANALYZER_NONNULL = YES;
				CLANG_ANALYZER_NUMBER_OBJECT_CONVERSION = YES_AGGRESSIVE;
				CLANG_CXX_LANGUAGE_STANDARD = "gnu++14";
				CLANG_CXX_LIBRARY = "libc++";
				CLANG_ENABLE_MODULES = YES;
				CLANG_ENABLE_OBJC_ARC = YES;
				CLANG_ENABLE_OBJC_WEAK = YES;
				CLANG_WARN_BLOCK_CAPTURE_AUTORELEASING = YES;
				CLANG_WARN_BOOL_CONVERSION = YES;
				CLANG_WARN_COMMA = YES;
				CLANG_WARN_CONSTANT_CONVERSION = YES;
				CLANG_WARN_DEPRECATED_OBJC_IMPLEMENTATIONS = YES;
				CLANG_WARN_DIRECT_OBJC_ISA_USAGE = YES_ERROR;
				CLANG_WARN_DOCUMENTATION_COMMENTS = YES;
				CLANG_WARN_EMPTY_BODY = YES;
				CLANG_WARN_ENUM_CONVERSION = YES;
				CLANG_WARN_INFINITE_RECURSION = YES;
				CLANG_WARN_INT_CONVERSION = YES;
				CLANG_WARN_NON_LITERAL_NULL_CONVERSION = YES;
				CLANG_WARN_OBJC_IMPLICIT_RETAIN_SELF = YES;
				CLANG_WARN_OBJC_LITERAL_CONVERSION = YES;
				CLANG_WARN_OBJC_ROOT_CLASS = YES_ERROR;
				CLANG_WARN_RANGE_LOOP_ANALYSIS = YES;
				CLANG_WARN_STRICT_PROTOTYPES = YES;
				CLANG_WARN_SUSPICIOUS_MOVE = YES;
				CLANG_WARN_UNGUARDED_AVAILABILITY = YES_AGGRESSIVE;
				CLANG_WARN_UNREACHABLE_CODE = YES;
				CLANG_WARN__DUPLICATE_METHOD_MATCH = YES;
				CODE_SIGN_IDENTITY = "iPhone Developer";
				COPY_PHASE_STRIP = NO;
				DEBUG_INFORMATION_FORMAT = dwarf;
				ENABLE_STRICT_OBJC_MSGSEND = YES;
				ENABLE_TESTABILITY = YES;
				GCC_C_LANGUAGE_STANDARD = gnu11;
				GCC_DYNAMIC_NO_PIC = NO;
				GCC_NO_COMMON_BLOCKS = YES;
				GCC_OPTIMIZATION_LEVEL = 0;
				GCC_PREPROCESSOR_DEFINITIONS = (
					"DEBUG=1",
					"$(inherited)",
				);
				GCC_WARN_64_TO_32_BIT_CONVERSION = YES;
				GCC_WARN_ABOUT_RETURN_TYPE = YES_ERROR;
				GCC_WARN_UNDECLARED_SELECTOR = YES;
				GCC_WARN_UNINITIALIZED_AUTOS = YES_AGGRESSIVE;
				GCC_WARN_UNUSED_FUNCTION = YES;
				GCC_WARN_UNUSED_VARIABLE = YES;
				IPHONEOS_DEPLOYMENT_TARGET = 12.1;
				MTL_ENABLE_DEBUG_INFO = INCLUDE_SOURCE;
				MTL_FAST_MATH = YES;
				ONLY_ACTIVE_ARCH = YES;
				SDKROOT = iphoneos;
				SWIFT_ACTIVE_COMPILATION_CONDITIONS = DEBUG;
				SWIFT_OPTIMIZATION_LEVEL = "-Onone";
			};
			name = Debug;
		};
		E0432EB021944106001E14AB /* Release */ = {
			isa = XCBuildConfiguration;
			buildSettings = {
				ALWAYS_SEARCH_USER_PATHS = NO;
				CLANG_ANALYZER_NONNULL = YES;
				CLANG_ANALYZER_NUMBER_OBJECT_CONVERSION = YES_AGGRESSIVE;
				CLANG_CXX_LANGUAGE_STANDARD = "gnu++14";
				CLANG_CXX_LIBRARY = "libc++";
				CLANG_ENABLE_MODULES = YES;
				CLANG_ENABLE_OBJC_ARC = YES;
				CLANG_ENABLE_OBJC_WEAK = YES;
				CLANG_WARN_BLOCK_CAPTURE_AUTORELEASING = YES;
				CLANG_WARN_BOOL_CONVERSION = YES;
				CLANG_WARN_COMMA = YES;
				CLANG_WARN_CONSTANT_CONVERSION = YES;
				CLANG_WARN_DEPRECATED_OBJC_IMPLEMENTATIONS = YES;
				CLANG_WARN_DIRECT_OBJC_ISA_USAGE = YES_ERROR;
				CLANG_WARN_DOCUMENTATION_COMMENTS = YES;
				CLANG_WARN_EMPTY_BODY = YES;
				CLANG_WARN_ENUM_CONVERSION = YES;
				CLANG_WARN_INFINITE_RECURSION = YES;
				CLANG_WARN_INT_CONVERSION = YES;
				CLANG_WARN_NON_LITERAL_NULL_CONVERSION = YES;
				CLANG_WARN_OBJC_IMPLICIT_RETAIN_SELF = YES;
				CLANG_WARN_OBJC_LITERAL_CONVERSION = YES;
				CLANG_WARN_OBJC_ROOT_CLASS = YES_ERROR;
				CLANG_WARN_RANGE_LOOP_ANALYSIS = YES;
				CLANG_WARN_STRICT_PROTOTYPES = YES;
				CLANG_WARN_SUSPICIOUS_MOVE = YES;
				CLANG_WARN_UNGUARDED_AVAILABILITY = YES_AGGRESSIVE;
				CLANG_WARN_UNREACHABLE_CODE = YES;
				CLANG_WARN__DUPLICATE_METHOD_MATCH = YES;
				CODE_SIGN_IDENTITY = "iPhone Developer";
				COPY_PHASE_STRIP = NO;
				DEBUG_INFORMATION_FORMAT = "dwarf-with-dsym";
				ENABLE_NS_ASSERTIONS = NO;
				ENABLE_STRICT_OBJC_MSGSEND = YES;
				GCC_C_LANGUAGE_STANDARD = gnu11;
				GCC_NO_COMMON_BLOCKS = YES;
				GCC_WARN_64_TO_32_BIT_CONVERSION = YES;
				GCC_WARN_ABOUT_RETURN_TYPE = YES_ERROR;
				GCC_WARN_UNDECLARED_SELECTOR = YES;
				GCC_WARN_UNINITIALIZED_AUTOS = YES_AGGRESSIVE;
				GCC_WARN_UNUSED_FUNCTION = YES;
				GCC_WARN_UNUSED_VARIABLE = YES;
				IPHONEOS_DEPLOYMENT_TARGET = 12.1;
				MTL_ENABLE_DEBUG_INFO = NO;
				MTL_FAST_MATH = YES;
				SDKROOT = iphoneos;
				SWIFT_COMPILATION_MODE = wholemodule;
				SWIFT_OPTIMIZATION_LEVEL = "-O";
				VALIDATE_PRODUCT = YES;
			};
			name = Release;
		};
		E0432EB221944106001E14AB /* Debug */ = {
			isa = XCBuildConfiguration;
			buildSettings = {
				ASSETCATALOG_COMPILER_APPICON_NAME = AppIcon;
				CODE_SIGN_STYLE = Automatic;
				DEVELOPMENT_TEAM = DCJ6BPJV88;
				ENABLE_BITCODE = NO;
				FRAMEWORK_SEARCH_PATHS = (
					"$(inherited)",
					"$(PROJECT_DIR)/Carthage/Build/iOS",
				);
				INFOPLIST_FILE = oauth2.example/Info.plist;
				LD_RUNPATH_SEARCH_PATHS = (
					"$(inherited)",
					"@executable_path/Frameworks",
				);
				PRODUCT_BUNDLE_IDENTIFIER = "com.dracoon.oauth2-example";
				PRODUCT_NAME = "$(TARGET_NAME)";
				SWIFT_VERSION = 4.2;
				TARGETED_DEVICE_FAMILY = "1,2";
			};
			name = Debug;
		};
		E0432EB321944106001E14AB /* Release */ = {
			isa = XCBuildConfiguration;
			buildSettings = {
				ASSETCATALOG_COMPILER_APPICON_NAME = AppIcon;
				CODE_SIGN_STYLE = Automatic;
				DEVELOPMENT_TEAM = DCJ6BPJV88;
				ENABLE_BITCODE = NO;
				FRAMEWORK_SEARCH_PATHS = (
					"$(inherited)",
					"$(PROJECT_DIR)/Carthage/Build/iOS",
				);
				INFOPLIST_FILE = oauth2.example/Info.plist;
				LD_RUNPATH_SEARCH_PATHS = (
					"$(inherited)",
					"@executable_path/Frameworks",
				);
				PRODUCT_BUNDLE_IDENTIFIER = "com.dracoon.oauth2-example";
				PRODUCT_NAME = "$(TARGET_NAME)";
				SWIFT_VERSION = 4.2;
				TARGETED_DEVICE_FAMILY = "1,2";
			};
			name = Release;
		};
/* End XCBuildConfiguration section */

/* Begin XCConfigurationList section */
		E0432E9A21944103001E14AB /* Build configuration list for PBXProject "oauth2.example" */ = {
			isa = XCConfigurationList;
			buildConfigurations = (
				E0432EAF21944106001E14AB /* Debug */,
				E0432EB021944106001E14AB /* Release */,
			);
			defaultConfigurationIsVisible = 0;
			defaultConfigurationName = Release;
		};
		E0432EB121944106001E14AB /* Build configuration list for PBXNativeTarget "oauth2.example" */ = {
			isa = XCConfigurationList;
			buildConfigurations = (
				E0432EB221944106001E14AB /* Debug */,
				E0432EB321944106001E14AB /* Release */,
			);
			defaultConfigurationIsVisible = 0;
			defaultConfigurationName = Release;
		};
/* End XCConfigurationList section */
	};
	rootObject = E0432E9721944103001E14AB /* Project object */;
}
