// !$*UTF8*$!
{
	archiveVersion = 1;
	classes = {
	};
	objectVersion = 52;
	objects = {

/* Begin PBXBuildFile section */
		1ACDD9625F73FD322B13A631 /* NodeTableViewController.swift in Sources */ = {isa = PBXBuildFile; fileRef = B9991CB9329EC2ACF1D7F3DF /* NodeTableViewController.swift */; };
		1D3AF8BEF09F1F63D59FD1B5 /* AppDelegate.swift in Sources */ = {isa = PBXBuildFile; fileRef = C91D07DF126E943162B81AA6 /* AppDelegate.swift */; };
		596323EA00477389C842AA47 /* Assets.xcassets in Resources */ = {isa = PBXBuildFile; fileRef = C663467437B3CFFF0E1B9BF7 /* Assets.xcassets */; };
		5ABCB974F0BDD29D26147390 /* InitialViewController.swift in Sources */ = {isa = PBXBuildFile; fileRef = 2D08A3CDF0DB7BDAFA59E0D9 /* InitialViewController.swift */; };
		AB1D00F9C1B6289C590B0456 /* OAuthConfig.swift in Sources */ = {isa = PBXBuildFile; fileRef = 0E65ABDA78FCBCEA579D2D12 /* OAuthConfig.swift */; };
		DB374839279833C800F1DFC1 /* Alamofire.xcframework in Frameworks */ = {isa = PBXBuildFile; fileRef = DB374837279833C800F1DFC1 /* Alamofire.xcframework */; };
		DB37483A279833C800F1DFC1 /* crypto_sdk.xcframework in Frameworks */ = {isa = PBXBuildFile; fileRef = DB374838279833C800F1DFC1 /* crypto_sdk.xcframework */; };
		DB37483C2798349900F1DFC1 /* dracoon_sdk.xcframework in Frameworks */ = {isa = PBXBuildFile; fileRef = DB37483B2798349900F1DFC1 /* dracoon_sdk.xcframework */; };
		DB37483D279834BA00F1DFC1 /* dracoon_sdk.xcframework in Embed Frameworks */ = {isa = PBXBuildFile; fileRef = DB37483B2798349900F1DFC1 /* dracoon_sdk.xcframework */; settings = {ATTRIBUTES = (CodeSignOnCopy, RemoveHeadersOnCopy, ); }; };
		DB37483E279834BE00F1DFC1 /* Alamofire.xcframework in Embed Frameworks */ = {isa = PBXBuildFile; fileRef = DB374837279833C800F1DFC1 /* Alamofire.xcframework */; settings = {ATTRIBUTES = (CodeSignOnCopy, RemoveHeadersOnCopy, ); }; };
		DB37483F279834C200F1DFC1 /* crypto_sdk.xcframework in Embed Frameworks */ = {isa = PBXBuildFile; fileRef = DB374838279833C800F1DFC1 /* crypto_sdk.xcframework */; settings = {ATTRIBUTES = (CodeSignOnCopy, RemoveHeadersOnCopy, ); }; };
		E51983359B01EF996C6F5EA5 /* OAuthWebView.swift in Sources */ = {isa = PBXBuildFile; fileRef = 611324D9C31E2AE03EBFFE06 /* OAuthWebView.swift */; };
		EB235E4CC4C4D06322107425 /* LaunchScreen.storyboard in Resources */ = {isa = PBXBuildFile; fileRef = 580B034E1F357EFE3383D9A5 /* LaunchScreen.storyboard */; };
/* End PBXBuildFile section */

/* Begin PBXCopyFilesBuildPhase section */
		DB374833279832CA00F1DFC1 /* Embed Frameworks */ = {
			isa = PBXCopyFilesBuildPhase;
			buildActionMask = 2147483647;
			dstPath = "";
			dstSubfolderSpec = 10;
			files = (
				DB37483F279834C200F1DFC1 /* crypto_sdk.xcframework in Embed Frameworks */,
				DB37483E279834BE00F1DFC1 /* Alamofire.xcframework in Embed Frameworks */,
				DB37483D279834BA00F1DFC1 /* dracoon_sdk.xcframework in Embed Frameworks */,
			);
			name = "Embed Frameworks";
			runOnlyForDeploymentPostprocessing = 0;
		};
/* End PBXCopyFilesBuildPhase section */

/* Begin PBXFileReference section */
		0E65ABDA78FCBCEA579D2D12 /* OAuthConfig.swift */ = {isa = PBXFileReference; lastKnownFileType = sourcecode.swift; path = OAuthConfig.swift; sourceTree = "<group>"; };
		2D08A3CDF0DB7BDAFA59E0D9 /* InitialViewController.swift */ = {isa = PBXFileReference; lastKnownFileType = sourcecode.swift; path = InitialViewController.swift; sourceTree = "<group>"; };
		3A06CB3B489C0BE4AD84422F /* dracoon_sdk.framework */ = {isa = PBXFileReference; lastKnownFileType = wrapper.framework; path = dracoon_sdk.framework; sourceTree = "<group>"; };
		3EBF92066CB0DE805BF2A20C /* Base */ = {isa = PBXFileReference; lastKnownFileType = file.storyboard; name = Base; path = Base.lproj/LaunchScreen.storyboard; sourceTree = "<group>"; };
		611324D9C31E2AE03EBFFE06 /* OAuthWebView.swift */ = {isa = PBXFileReference; lastKnownFileType = sourcecode.swift; path = OAuthWebView.swift; sourceTree = "<group>"; };
		71F05D3CE81557795AF435BD /* Info.plist */ = {isa = PBXFileReference; lastKnownFileType = text.plist; path = Info.plist; sourceTree = "<group>"; };
		85B6B01DA1F597313DA059F1 /* oauth2.example.app */ = {isa = PBXFileReference; explicitFileType = wrapper.application; includeInIndex = 0; path = oauth2.example.app; sourceTree = BUILT_PRODUCTS_DIR; };
		9BA6F4583F972CC2A061CF28 /* Alamofire.framework */ = {isa = PBXFileReference; lastKnownFileType = wrapper.framework; path = Alamofire.framework; sourceTree = "<group>"; };
		B9991CB9329EC2ACF1D7F3DF /* NodeTableViewController.swift */ = {isa = PBXFileReference; lastKnownFileType = sourcecode.swift; path = NodeTableViewController.swift; sourceTree = "<group>"; };
		C663467437B3CFFF0E1B9BF7 /* Assets.xcassets */ = {isa = PBXFileReference; lastKnownFileType = folder.assetcatalog; path = Assets.xcassets; sourceTree = "<group>"; };
		C91D07DF126E943162B81AA6 /* AppDelegate.swift */ = {isa = PBXFileReference; lastKnownFileType = sourcecode.swift; path = AppDelegate.swift; sourceTree = "<group>"; };
		DB374837279833C800F1DFC1 /* Alamofire.xcframework */ = {isa = PBXFileReference; lastKnownFileType = wrapper.xcframework; name = Alamofire.xcframework; path = Carthage/Build/Alamofire.xcframework; sourceTree = "<group>"; };
		DB374838279833C800F1DFC1 /* crypto_sdk.xcframework */ = {isa = PBXFileReference; lastKnownFileType = wrapper.xcframework; name = crypto_sdk.xcframework; path = Carthage/Build/crypto_sdk.xcframework; sourceTree = "<group>"; };
		DB37483B2798349900F1DFC1 /* dracoon_sdk.xcframework */ = {isa = PBXFileReference; lastKnownFileType = wrapper.xcframework; name = dracoon_sdk.xcframework; path = Carthage/Build/dracoon_sdk.xcframework; sourceTree = "<group>"; };
		DB549C9F5B104D3553658F18 /* crypto_sdk.framework */ = {isa = PBXFileReference; lastKnownFileType = wrapper.framework; path = crypto_sdk.framework; sourceTree = "<group>"; };
/* End PBXFileReference section */

/* Begin PBXFrameworksBuildPhase section */
		A40BC1CB633D27B2DE37F6BC /* Frameworks */ = {
			isa = PBXFrameworksBuildPhase;
			buildActionMask = 2147483647;
			files = (
				DB37483C2798349900F1DFC1 /* dracoon_sdk.xcframework in Frameworks */,
				DB374839279833C800F1DFC1 /* Alamofire.xcframework in Frameworks */,
				DB37483A279833C800F1DFC1 /* crypto_sdk.xcframework in Frameworks */,
			);
			runOnlyForDeploymentPostprocessing = 0;
		};
/* End PBXFrameworksBuildPhase section */

/* Begin PBXGroup section */
		277FCED3530E3C76FF2C0E38 /* Products */ = {
			isa = PBXGroup;
			children = (
				85B6B01DA1F597313DA059F1 /* oauth2.example.app */,
			);
			name = Products;
			sourceTree = "<group>";
		};
		35FD7DF0110CDAA5CA979F1B /* oauth2-example */ = {
			isa = PBXGroup;
			children = (
				C91D07DF126E943162B81AA6 /* AppDelegate.swift */,
				C663467437B3CFFF0E1B9BF7 /* Assets.xcassets */,
				71F05D3CE81557795AF435BD /* Info.plist */,
				2D08A3CDF0DB7BDAFA59E0D9 /* InitialViewController.swift */,
				580B034E1F357EFE3383D9A5 /* LaunchScreen.storyboard */,
				B9991CB9329EC2ACF1D7F3DF /* NodeTableViewController.swift */,
				0E65ABDA78FCBCEA579D2D12 /* OAuthConfig.swift */,
				611324D9C31E2AE03EBFFE06 /* OAuthWebView.swift */,
			);
			path = "oauth2-example";
			sourceTree = "<group>";
		};
		615B5B3B53ACE5A9F153BAF8 /* iOS */ = {
			isa = PBXGroup;
			children = (
				9BA6F4583F972CC2A061CF28 /* Alamofire.framework */,
				DB549C9F5B104D3553658F18 /* crypto_sdk.framework */,
				3A06CB3B489C0BE4AD84422F /* dracoon_sdk.framework */,
			);
			path = iOS;
			sourceTree = "<group>";
		};
		6FCC3BB240741BC47B5CE289 /* Carthage */ = {
			isa = PBXGroup;
			children = (
				615B5B3B53ACE5A9F153BAF8 /* iOS */,
			);
			name = Carthage;
			path = Carthage/Build;
			sourceTree = "<group>";
		};
		D2B59153788FCEC9162D5991 = {
			isa = PBXGroup;
			children = (
				35FD7DF0110CDAA5CA979F1B /* oauth2-example */,
				FAC703E38901F513C48C62A8 /* Frameworks */,
				277FCED3530E3C76FF2C0E38 /* Products */,
			);
			sourceTree = "<group>";
		};
		FAC703E38901F513C48C62A8 /* Frameworks */ = {
			isa = PBXGroup;
			children = (
				DB37483B2798349900F1DFC1 /* dracoon_sdk.xcframework */,
				DB374837279833C800F1DFC1 /* Alamofire.xcframework */,
				DB374838279833C800F1DFC1 /* crypto_sdk.xcframework */,
				6FCC3BB240741BC47B5CE289 /* Carthage */,
			);
			name = Frameworks;
			sourceTree = "<group>";
		};
/* End PBXGroup section */

/* Begin PBXNativeTarget section */
		7AC6C490EF7C6B25F12E2ABC /* oauth2.example */ = {
			isa = PBXNativeTarget;
			buildConfigurationList = 583D443102AB73094484CC7C /* Build configuration list for PBXNativeTarget "oauth2.example" */;
			buildPhases = (
				894936119CEE9E34AF852804 /* Sources */,
				C2D09DB188E2C31B86288061 /* Resources */,
				A40BC1CB633D27B2DE37F6BC /* Frameworks */,
				DB374833279832CA00F1DFC1 /* Embed Frameworks */,
			);
			buildRules = (
			);
			dependencies = (
			);
			name = oauth2.example;
			productName = oauth2.example;
			productReference = 85B6B01DA1F597313DA059F1 /* oauth2.example.app */;
			productType = "com.apple.product-type.application";
		};
/* End PBXNativeTarget section */

/* Begin PBXProject section */
		FDF30796398E7639D78DAB8B /* Project object */ = {
			isa = PBXProject;
			attributes = {
				LastUpgradeCheck = 1320;
			};
			buildConfigurationList = 604E055881B312906169A28A /* Build configuration list for PBXProject "oauth2.carthage.example" */;
			compatibilityVersion = "Xcode 10.0";
			developmentRegion = en;
			hasScannedForEncodings = 0;
			knownRegions = (
				en,
				Base,
			);
			mainGroup = D2B59153788FCEC9162D5991;
			projectDirPath = "";
			projectRoot = "";
			targets = (
				7AC6C490EF7C6B25F12E2ABC /* oauth2.example */,
			);
		};
/* End PBXProject section */

/* Begin PBXResourcesBuildPhase section */
		C2D09DB188E2C31B86288061 /* Resources */ = {
			isa = PBXResourcesBuildPhase;
			buildActionMask = 2147483647;
			files = (
				596323EA00477389C842AA47 /* Assets.xcassets in Resources */,
				EB235E4CC4C4D06322107425 /* LaunchScreen.storyboard in Resources */,
			);
			runOnlyForDeploymentPostprocessing = 0;
		};
/* End PBXResourcesBuildPhase section */

/* Begin PBXSourcesBuildPhase section */
		894936119CEE9E34AF852804 /* Sources */ = {
			isa = PBXSourcesBuildPhase;
			buildActionMask = 2147483647;
			files = (
				1D3AF8BEF09F1F63D59FD1B5 /* AppDelegate.swift in Sources */,
				5ABCB974F0BDD29D26147390 /* InitialViewController.swift in Sources */,
				1ACDD9625F73FD322B13A631 /* NodeTableViewController.swift in Sources */,
				AB1D00F9C1B6289C590B0456 /* OAuthConfig.swift in Sources */,
				E51983359B01EF996C6F5EA5 /* OAuthWebView.swift in Sources */,
			);
			runOnlyForDeploymentPostprocessing = 0;
		};
/* End PBXSourcesBuildPhase section */

/* Begin PBXVariantGroup section */
		580B034E1F357EFE3383D9A5 /* LaunchScreen.storyboard */ = {
			isa = PBXVariantGroup;
			children = (
				3EBF92066CB0DE805BF2A20C /* Base */,
			);
			name = LaunchScreen.storyboard;
			sourceTree = "<group>";
		};
/* End PBXVariantGroup section */

/* Begin XCBuildConfiguration section */
		166DD4B609F6B4DD265EC20F /* Release */ = {
			isa = XCBuildConfiguration;
			buildSettings = {
				ALWAYS_EMBED_SWIFT_STANDARD_LIBRARIES = "$(inherited)";
				ASSETCATALOG_COMPILER_APPICON_NAME = AppIcon;
				CODE_SIGN_IDENTITY = "iPhone Developer";
				DEVELOPMENT_TEAM = DCJ6BPJV88;
				ENABLE_BITCODE = NO;
				FRAMEWORK_SEARCH_PATHS = (
					"$(inherited)",
					"$(PROJECT_DIR)/Carthage/Build/iOS",
				);
				INFOPLIST_FILE = "oauth2-example/Info.plist";
				IPHONEOS_DEPLOYMENT_TARGET = 12.0;
				LD_RUNPATH_SEARCH_PATHS = (
					"$(inherited)",
					"@executable_path/Frameworks",
				);
				PRODUCT_BUNDLE_IDENTIFIER = com.dracoon.oauth2example;
				SDKROOT = iphoneos;
				TARGETED_DEVICE_FAMILY = "1,2";
			};
			name = Release;
		};
		2D7367EF0FD44717613F79FB /* Release */ = {
			isa = XCBuildConfiguration;
			buildSettings = {
				ALWAYS_SEARCH_USER_PATHS = NO;
				CLANG_ANALYZER_NONNULL = YES;
				CLANG_ANALYZER_NUMBER_OBJECT_CONVERSION = YES_AGGRESSIVE;
				CLANG_CXX_LANGUAGE_STANDARD = "gnu++14";
				CLANG_CXX_LIBRARY = "libc++";
				CLANG_ENABLE_MODULES = YES;
				CLANG_ENABLE_OBJC_ARC = YES;
				CLANG_WARN_BLOCK_CAPTURE_AUTORELEASING = YES;
				CLANG_WARN_BOOL_CONVERSION = YES;
				CLANG_WARN_COMMA = YES;
				CLANG_WARN_CONSTANT_CONVERSION = YES;
				CLANG_WARN_DEPRECATED_OBJC_IMPLEMENTATIONS = YES;
				CLANG_WARN_DIRECT_OBJC_ISA_USAGE = YES_ERROR;
				CLANG_WARN_DOCUMENTATION_COMMENTS = YES;
				CLANG_WARN_EMPTY_BODY = YES;
				CLANG_WARN_ENUM_CONVERSION = YES;
				CLANG_WARN_INFINITE_RECURSION = YES;
				CLANG_WARN_INT_CONVERSION = YES;
				CLANG_WARN_NON_LITERAL_NULL_CONVERSION = YES;
				CLANG_WARN_OBJC_IMPLICIT_RETAIN_SELF = YES;
				CLANG_WARN_OBJC_LITERAL_CONVERSION = YES;
				CLANG_WARN_OBJC_ROOT_CLASS = YES_ERROR;
				CLANG_WARN_QUOTED_INCLUDE_IN_FRAMEWORK_HEADER = YES;
				CLANG_WARN_RANGE_LOOP_ANALYSIS = YES;
				CLANG_WARN_STRICT_PROTOTYPES = YES;
				CLANG_WARN_SUSPICIOUS_MOVE = YES;
				CLANG_WARN_UNGUARDED_AVAILABILITY = YES_AGGRESSIVE;
				CLANG_WARN_UNREACHABLE_CODE = YES;
				CLANG_WARN__DUPLICATE_METHOD_MATCH = YES;
				COPY_PHASE_STRIP = NO;
				DEBUG_INFORMATION_FORMAT = "dwarf-with-dsym";
				ENABLE_NS_ASSERTIONS = NO;
				ENABLE_STRICT_OBJC_MSGSEND = YES;
				GCC_C_LANGUAGE_STANDARD = gnu11;
				GCC_NO_COMMON_BLOCKS = YES;
				GCC_WARN_64_TO_32_BIT_CONVERSION = YES;
				GCC_WARN_ABOUT_RETURN_TYPE = YES_ERROR;
				GCC_WARN_UNDECLARED_SELECTOR = YES;
				GCC_WARN_UNINITIALIZED_AUTOS = YES_AGGRESSIVE;
				GCC_WARN_UNUSED_FUNCTION = YES;
				GCC_WARN_UNUSED_VARIABLE = YES;
				IPHONEOS_DEPLOYMENT_TARGET = 12.0;
				PRODUCT_NAME = "$(TARGET_NAME)";
				SDKROOT = iphoneos;
				SWIFT_COMPILATION_MODE = wholemodule;
				SWIFT_VERSION = 5.0;
				VALIDATE_PRODUCT = YES;
			};
			name = Release;
		};
		5457537294D6EF44E4468B67 /* Debug */ = {
			isa = XCBuildConfiguration;
			buildSettings = {
				ALWAYS_SEARCH_USER_PATHS = NO;
				CLANG_ANALYZER_NONNULL = YES;
				CLANG_ANALYZER_NUMBER_OBJECT_CONVERSION = YES_AGGRESSIVE;
				CLANG_CXX_LANGUAGE_STANDARD = "gnu++14";
				CLANG_CXX_LIBRARY = "libc++";
				CLANG_ENABLE_MODULES = YES;
				CLANG_ENABLE_OBJC_ARC = YES;
				CLANG_WARN_BLOCK_CAPTURE_AUTORELEASING = YES;
				CLANG_WARN_BOOL_CONVERSION = YES;
				CLANG_WARN_COMMA = YES;
				CLANG_WARN_CONSTANT_CONVERSION = YES;
				CLANG_WARN_DEPRECATED_OBJC_IMPLEMENTATIONS = YES;
				CLANG_WARN_DIRECT_OBJC_ISA_USAGE = YES_ERROR;
				CLANG_WARN_DOCUMENTATION_COMMENTS = YES;
				CLANG_WARN_EMPTY_BODY = YES;
				CLANG_WARN_ENUM_CONVERSION = YES;
				CLANG_WARN_INFINITE_RECURSION = YES;
				CLANG_WARN_INT_CONVERSION = YES;
				CLANG_WARN_NON_LITERAL_NULL_CONVERSION = YES;
				CLANG_WARN_OBJC_IMPLICIT_RETAIN_SELF = YES;
				CLANG_WARN_OBJC_LITERAL_CONVERSION = YES;
				CLANG_WARN_OBJC_ROOT_CLASS = YES_ERROR;
				CLANG_WARN_QUOTED_INCLUDE_IN_FRAMEWORK_HEADER = YES;
				CLANG_WARN_RANGE_LOOP_ANALYSIS = YES;
				CLANG_WARN_STRICT_PROTOTYPES = YES;
				CLANG_WARN_SUSPICIOUS_MOVE = YES;
				CLANG_WARN_UNGUARDED_AVAILABILITY = YES_AGGRESSIVE;
				CLANG_WARN_UNREACHABLE_CODE = YES;
				CLANG_WARN__DUPLICATE_METHOD_MATCH = YES;
				COPY_PHASE_STRIP = NO;
				DEBUG_INFORMATION_FORMAT = dwarf;
				ENABLE_STRICT_OBJC_MSGSEND = YES;
				ENABLE_TESTABILITY = YES;
				GCC_C_LANGUAGE_STANDARD = gnu11;
				GCC_DYNAMIC_NO_PIC = NO;
				GCC_NO_COMMON_BLOCKS = YES;
				GCC_OPTIMIZATION_LEVEL = 0;
				GCC_PREPROCESSOR_DEFINITIONS = (
					"$(inherited)",
					"DEBUG=1",
				);
				GCC_WARN_64_TO_32_BIT_CONVERSION = YES;
				GCC_WARN_ABOUT_RETURN_TYPE = YES_ERROR;
				GCC_WARN_UNDECLARED_SELECTOR = YES;
				GCC_WARN_UNINITIALIZED_AUTOS = YES_AGGRESSIVE;
				GCC_WARN_UNUSED_FUNCTION = YES;
				GCC_WARN_UNUSED_VARIABLE = YES;
				IPHONEOS_DEPLOYMENT_TARGET = 12.0;
				MTL_ENABLE_DEBUG_INFO = YES;
				ONLY_ACTIVE_ARCH = YES;
				PRODUCT_NAME = "$(TARGET_NAME)";
				SDKROOT = iphoneos;
				SWIFT_ACTIVE_COMPILATION_CONDITIONS = DEBUG;
				SWIFT_OPTIMIZATION_LEVEL = "-Onone";
				SWIFT_VERSION = 5.0;
			};
			name = Debug;
		};
		651DF5760F3A758BA34954D7 /* Debug */ = {
			isa = XCBuildConfiguration;
			buildSettings = {
				ALWAYS_EMBED_SWIFT_STANDARD_LIBRARIES = "$(inherited)";
				ASSETCATALOG_COMPILER_APPICON_NAME = AppIcon;
				CODE_SIGN_IDENTITY = "iPhone Developer";
				DEVELOPMENT_TEAM = DCJ6BPJV88;
				ENABLE_BITCODE = NO;
				FRAMEWORK_SEARCH_PATHS = (
					"$(inherited)",
					"$(PROJECT_DIR)/Carthage/Build/iOS",
				);
				INFOPLIST_FILE = "oauth2-example/Info.plist";
				IPHONEOS_DEPLOYMENT_TARGET = 12.0;
				LD_RUNPATH_SEARCH_PATHS = (
					"$(inherited)",
					"@executable_path/Frameworks",
				);
				PRODUCT_BUNDLE_IDENTIFIER = com.dracoon.oauth2example;
				SDKROOT = iphoneos;
				TARGETED_DEVICE_FAMILY = "1,2";
			};
			name = Debug;
		};
/* End XCBuildConfiguration section */

/* Begin XCConfigurationList section */
		583D443102AB73094484CC7C /* Build configuration list for PBXNativeTarget "oauth2.example" */ = {
			isa = XCConfigurationList;
			buildConfigurations = (
				651DF5760F3A758BA34954D7 /* Debug */,
				166DD4B609F6B4DD265EC20F /* Release */,
			);
			defaultConfigurationIsVisible = 0;
			defaultConfigurationName = Debug;
		};
		604E055881B312906169A28A /* Build configuration list for PBXProject "oauth2.carthage.example" */ = {
			isa = XCConfigurationList;
			buildConfigurations = (
				5457537294D6EF44E4468B67 /* Debug */,
				2D7367EF0FD44717613F79FB /* Release */,
			);
			defaultConfigurationIsVisible = 0;
			defaultConfigurationName = Debug;
		};
/* End XCConfigurationList section */
	};
	rootObject = FDF30796398E7639D78DAB8B /* Project object */;
}
